// !$*UTF8*$!
{
	archiveVersion = 1;
	classes = {
	};
	objectVersion = 55;
	objects = {

/* Begin PBXBuildFile section */
		3A5AE5C32886D73F002393E6 /* Constants.swift in Sources */ = {isa = PBXBuildFile; fileRef = 3A5AE5C22886D73F002393E6 /* Constants.swift */; };
		3A5AE5C62886D817002393E6 /* SessionPresenter.swift in Sources */ = {isa = PBXBuildFile; fileRef = 3A5AE5C52886D817002393E6 /* SessionPresenter.swift */; };
		3A5AE5C82886D9C0002393E6 /* PresenterDetector.swift in Sources */ = {isa = PBXBuildFile; fileRef = 3A5AE5C72886D9C0002393E6 /* PresenterDetector.swift */; };
		3A5AE5CA2886DA06002393E6 /* SessionAudience.swift in Sources */ = {isa = PBXBuildFile; fileRef = 3A5AE5C92886DA06002393E6 /* SessionAudience.swift */; };
		3AB219BE287FE94300945A02 /* AppDelegate.swift in Sources */ = {isa = PBXBuildFile; fileRef = 3AB219BD287FE94300945A02 /* AppDelegate.swift */; };
		3AB219C0287FE94300945A02 /* SceneDelegate.swift in Sources */ = {isa = PBXBuildFile; fileRef = 3AB219BF287FE94300945A02 /* SceneDelegate.swift */; };
		3AB219C2287FE94300945A02 /* MainViewController.swift in Sources */ = {isa = PBXBuildFile; fileRef = 3AB219C1287FE94300945A02 /* MainViewController.swift */; };
		3AB219C5287FE94300945A02 /* Main.storyboard in Resources */ = {isa = PBXBuildFile; fileRef = 3AB219C3287FE94300945A02 /* Main.storyboard */; };
		3AB219C8287FE94300945A02 /* Pikipick.xcdatamodeld in Sources */ = {isa = PBXBuildFile; fileRef = 3AB219C6287FE94300945A02 /* Pikipick.xcdatamodeld */; };
		3AB219CA287FE94400945A02 /* Assets.xcassets in Resources */ = {isa = PBXBuildFile; fileRef = 3AB219C9287FE94400945A02 /* Assets.xcassets */; };
		3AB219CD287FE94400945A02 /* LaunchScreen.storyboard in Resources */ = {isa = PBXBuildFile; fileRef = 3AB219CB287FE94400945A02 /* LaunchScreen.storyboard */; };
		E0BBEC1428869BEA008E31DA /* AudienceViewController.swift in Sources */ = {isa = PBXBuildFile; fileRef = E0BBEC1228869BEA008E31DA /* AudienceViewController.swift */; };
		E0BBEC1528869BEA008E31DA /* AudienceStoryboard.storyboard in Resources */ = {isa = PBXBuildFile; fileRef = E0BBEC1328869BEA008E31DA /* AudienceStoryboard.storyboard */; };
		E276ACFF2885742900D14369 /* Settings.bundle in Resources */ = {isa = PBXBuildFile; fileRef = E276ACFE2885742900D14369 /* Settings.bundle */; };
		E2B6B24C288191AC0034E0DD /* ParticipateViewController.swift in Sources */ = {isa = PBXBuildFile; fileRef = E2B6B24B288191AC0034E0DD /* ParticipateViewController.swift */; };
/* End PBXBuildFile section */

/* Begin PBXFileReference section */
		3A5AE5C22886D73F002393E6 /* Constants.swift */ = {isa = PBXFileReference; fileEncoding = 4; lastKnownFileType = sourcecode.swift; path = Constants.swift; sourceTree = "<group>"; };
		3A5AE5C52886D817002393E6 /* SessionPresenter.swift */ = {isa = PBXFileReference; fileEncoding = 4; lastKnownFileType = sourcecode.swift; path = SessionPresenter.swift; sourceTree = "<group>"; };
		3A5AE5C72886D9C0002393E6 /* PresenterDetector.swift */ = {isa = PBXFileReference; fileEncoding = 4; lastKnownFileType = sourcecode.swift; path = PresenterDetector.swift; sourceTree = "<group>"; };
		3A5AE5C92886DA06002393E6 /* SessionAudience.swift */ = {isa = PBXFileReference; fileEncoding = 4; lastKnownFileType = sourcecode.swift; path = SessionAudience.swift; sourceTree = "<group>"; };
		3AB219BA287FE94300945A02 /* Pikipick.app */ = {isa = PBXFileReference; explicitFileType = wrapper.application; includeInIndex = 0; path = Pikipick.app; sourceTree = BUILT_PRODUCTS_DIR; };
		3AB219BD287FE94300945A02 /* AppDelegate.swift */ = {isa = PBXFileReference; lastKnownFileType = sourcecode.swift; path = AppDelegate.swift; sourceTree = "<group>"; };
		3AB219BF287FE94300945A02 /* SceneDelegate.swift */ = {isa = PBXFileReference; lastKnownFileType = sourcecode.swift; path = SceneDelegate.swift; sourceTree = "<group>"; };
		3AB219C1287FE94300945A02 /* MainViewController.swift */ = {isa = PBXFileReference; lastKnownFileType = sourcecode.swift; path = MainViewController.swift; sourceTree = "<group>"; };
		3AB219C4287FE94300945A02 /* Base */ = {isa = PBXFileReference; lastKnownFileType = file.storyboard; name = Base; path = Base.lproj/Main.storyboard; sourceTree = "<group>"; };
		3AB219C7287FE94300945A02 /* Pikipick.xcdatamodel */ = {isa = PBXFileReference; lastKnownFileType = wrapper.xcdatamodel; path = Pikipick.xcdatamodel; sourceTree = "<group>"; };
		3AB219C9287FE94400945A02 /* Assets.xcassets */ = {isa = PBXFileReference; lastKnownFileType = folder.assetcatalog; path = Assets.xcassets; sourceTree = "<group>"; };
		3AB219CC287FE94400945A02 /* Base */ = {isa = PBXFileReference; lastKnownFileType = file.storyboard; name = Base; path = Base.lproj/LaunchScreen.storyboard; sourceTree = "<group>"; };
		3AB219CE287FE94400945A02 /* Info.plist */ = {isa = PBXFileReference; lastKnownFileType = text.plist.xml; path = Info.plist; sourceTree = "<group>"; };
		E0BBEC1228869BEA008E31DA /* AudienceViewController.swift */ = {isa = PBXFileReference; fileEncoding = 4; lastKnownFileType = sourcecode.swift; path = AudienceViewController.swift; sourceTree = "<group>"; };
		E0BBEC1328869BEA008E31DA /* AudienceStoryboard.storyboard */ = {isa = PBXFileReference; fileEncoding = 4; lastKnownFileType = file.storyboard; path = AudienceStoryboard.storyboard; sourceTree = "<group>"; };
		E276ACFE2885742900D14369 /* Settings.bundle */ = {isa = PBXFileReference; lastKnownFileType = "wrapper.plug-in"; path = Settings.bundle; sourceTree = "<group>"; };
		E2B6B249288191400034E0DD /* SettingTableViewController.swift */ = {isa = PBXFileReference; lastKnownFileType = sourcecode.swift; path = SettingTableViewController.swift; sourceTree = "<group>"; };
		E2B6B24B288191AC0034E0DD /* ParticipateViewController.swift */ = {isa = PBXFileReference; lastKnownFileType = sourcecode.swift; path = ParticipateViewController.swift; sourceTree = "<group>"; };
/* End PBXFileReference section */

/* Begin PBXFrameworksBuildPhase section */
		3AB219B7287FE94300945A02 /* Frameworks */ = {
			isa = PBXFrameworksBuildPhase;
			buildActionMask = 2147483647;
			files = (
			);
			runOnlyForDeploymentPostprocessing = 0;
		};
/* End PBXFrameworksBuildPhase section */

/* Begin PBXGroup section */
		3A5AE5C12886D730002393E6 /* Model */ = {
			isa = PBXGroup;
			children = (
				3A5AE5C22886D73F002393E6 /* Constants.swift */,
			);
			path = Model;
			sourceTree = "<group>";
		};
		3A5AE5C42886D7FD002393E6 /* MultipeerConnectivity */ = {
			isa = PBXGroup;
			children = (
				3A5AE5C92886DA06002393E6 /* SessionAudience.swift */,
				3A5AE5C52886D817002393E6 /* SessionPresenter.swift */,
				3A5AE5C72886D9C0002393E6 /* PresenterDetector.swift */,
			);
			path = MultipeerConnectivity;
			sourceTree = "<group>";
		};
		3AB219B1287FE94300945A02 = {
			isa = PBXGroup;
			children = (
				3AB219BC287FE94300945A02 /* Pikipick */,
				3AB219BB287FE94300945A02 /* Products */,
				E08EFF842886A0C700582C83 /* Recovered References */,
			);
			sourceTree = "<group>";
		};
		3AB219BB287FE94300945A02 /* Products */ = {
			isa = PBXGroup;
			children = (
				3AB219BA287FE94300945A02 /* Pikipick.app */,
			);
			name = Products;
			sourceTree = "<group>";
		};
		3AB219BC287FE94300945A02 /* Pikipick */ = {
			isa = PBXGroup;
			children = (
				3A5AE5C42886D7FD002393E6 /* MultipeerConnectivity */,
				3A5AE5C12886D730002393E6 /* Model */,
				E2B6B246288190A20034E0DD /* ViewController */,
				E0BBEC1228869BEA008E31DA /* AudienceViewController.swift */,
				3AB219BD287FE94300945A02 /* AppDelegate.swift */,
				3AB219BF287FE94300945A02 /* SceneDelegate.swift */,
				E0BBEC1328869BEA008E31DA /* AudienceStoryboard.storyboard */,
				3AB219C3287FE94300945A02 /* Main.storyboard */,
				3AB219C9287FE94400945A02 /* Assets.xcassets */,
				3AB219CB287FE94400945A02 /* LaunchScreen.storyboard */,
				3AB219CE287FE94400945A02 /* Info.plist */,
				3AB219C6287FE94300945A02 /* Pikipick.xcdatamodeld */,
				E276ACFE2885742900D14369 /* Settings.bundle */,
			);
			path = Pikipick;
			sourceTree = "<group>";
		};
		E08EFF842886A0C700582C83 /* Recovered References */ = {
			isa = PBXGroup;
			children = (
				E2B6B249288191400034E0DD /* SettingTableViewController.swift */,
			);
			name = "Recovered References";
			sourceTree = "<group>";
		};
		E2B6B246288190A20034E0DD /* ViewController */ = {
			isa = PBXGroup;
			children = (
				E2B6B247288190B90034E0DD /* Main */,
			);
			path = ViewController;
			sourceTree = "<group>";
		};
		E2B6B247288190B90034E0DD /* Main */ = {
			isa = PBXGroup;
			children = (
				3AB219C1287FE94300945A02 /* MainViewController.swift */,
				E2B6B24B288191AC0034E0DD /* ParticipateViewController.swift */,
			);
			path = Main;
			sourceTree = "<group>";
		};
/* End PBXGroup section */

/* Begin PBXNativeTarget section */
		3AB219B9287FE94300945A02 /* Pikipick */ = {
			isa = PBXNativeTarget;
			buildConfigurationList = 3AB219D1287FE94400945A02 /* Build configuration list for PBXNativeTarget "Pikipick" */;
			buildPhases = (
				3AB219B6287FE94300945A02 /* Sources */,
				3AB219B7287FE94300945A02 /* Frameworks */,
				3AB219B8287FE94300945A02 /* Resources */,
			);
			buildRules = (
			);
			dependencies = (
			);
			name = Pikipick;
			productName = Pikipick;
			productReference = 3AB219BA287FE94300945A02 /* Pikipick.app */;
			productType = "com.apple.product-type.application";
		};
/* End PBXNativeTarget section */

/* Begin PBXProject section */
		3AB219B2287FE94300945A02 /* Project object */ = {
			isa = PBXProject;
			attributes = {
				BuildIndependentTargetsInParallel = 1;
				LastSwiftUpdateCheck = 1340;
				LastUpgradeCheck = 1340;
				TargetAttributes = {
					3AB219B9287FE94300945A02 = {
						CreatedOnToolsVersion = 13.4.1;
					};
				};
			};
			buildConfigurationList = 3AB219B5287FE94300945A02 /* Build configuration list for PBXProject "Pikipick" */;
			compatibilityVersion = "Xcode 13.0";
			developmentRegion = en;
			hasScannedForEncodings = 0;
			knownRegions = (
				en,
				Base,
			);
			mainGroup = 3AB219B1287FE94300945A02;
			productRefGroup = 3AB219BB287FE94300945A02 /* Products */;
			projectDirPath = "";
			projectRoot = "";
			targets = (
				3AB219B9287FE94300945A02 /* Pikipick */,
			);
		};
/* End PBXProject section */

/* Begin PBXResourcesBuildPhase section */
		3AB219B8287FE94300945A02 /* Resources */ = {
			isa = PBXResourcesBuildPhase;
			buildActionMask = 2147483647;
			files = (
				E276ACFF2885742900D14369 /* Settings.bundle in Resources */,
				3AB219CD287FE94400945A02 /* LaunchScreen.storyboard in Resources */,
				3AB219CA287FE94400945A02 /* Assets.xcassets in Resources */,
				3AB219C5287FE94300945A02 /* Main.storyboard in Resources */,
				E0BBEC1528869BEA008E31DA /* AudienceStoryboard.storyboard in Resources */,
			);
			runOnlyForDeploymentPostprocessing = 0;
		};
/* End PBXResourcesBuildPhase section */

/* Begin PBXSourcesBuildPhase section */
		3AB219B6287FE94300945A02 /* Sources */ = {
			isa = PBXSourcesBuildPhase;
			buildActionMask = 2147483647;
			files = (
				3AB219C2287FE94300945A02 /* MainViewController.swift in Sources */,
				E2B6B24C288191AC0034E0DD /* ParticipateViewController.swift in Sources */,
				3AB219C8287FE94300945A02 /* Pikipick.xcdatamodeld in Sources */,
				3AB219BE287FE94300945A02 /* AppDelegate.swift in Sources */,
				3A5AE5C82886D9C0002393E6 /* PresenterDetector.swift in Sources */,
				3A5AE5C32886D73F002393E6 /* Constants.swift in Sources */,
				3A5AE5C62886D817002393E6 /* SessionPresenter.swift in Sources */,
				3AB219C0287FE94300945A02 /* SceneDelegate.swift in Sources */,
				3A5AE5CA2886DA06002393E6 /* SessionAudience.swift in Sources */,
				E0BBEC1428869BEA008E31DA /* AudienceViewController.swift in Sources */,
			);
			runOnlyForDeploymentPostprocessing = 0;
		};
/* End PBXSourcesBuildPhase section */

/* Begin PBXVariantGroup section */
		3AB219C3287FE94300945A02 /* Main.storyboard */ = {
			isa = PBXVariantGroup;
			children = (
				3AB219C4287FE94300945A02 /* Base */,
			);
			name = Main.storyboard;
			sourceTree = "<group>";
		};
		3AB219CB287FE94400945A02 /* LaunchScreen.storyboard */ = {
			isa = PBXVariantGroup;
			children = (
				3AB219CC287FE94400945A02 /* Base */,
			);
			name = LaunchScreen.storyboard;
			sourceTree = "<group>";
		};
/* End PBXVariantGroup section */

/* Begin XCBuildConfiguration section */
		3AB219CF287FE94400945A02 /* Debug */ = {
			isa = XCBuildConfiguration;
			buildSettings = {
				ALWAYS_SEARCH_USER_PATHS = NO;
				CLANG_ANALYZER_NONNULL = YES;
				CLANG_ANALYZER_NUMBER_OBJECT_CONVERSION = YES_AGGRESSIVE;
				CLANG_CXX_LANGUAGE_STANDARD = "gnu++17";
				CLANG_ENABLE_MODULES = YES;
				CLANG_ENABLE_OBJC_ARC = YES;
				CLANG_ENABLE_OBJC_WEAK = YES;
				CLANG_WARN_BLOCK_CAPTURE_AUTORELEASING = YES;
				CLANG_WARN_BOOL_CONVERSION = YES;
				CLANG_WARN_COMMA = YES;
				CLANG_WARN_CONSTANT_CONVERSION = YES;
				CLANG_WARN_DEPRECATED_OBJC_IMPLEMENTATIONS = YES;
				CLANG_WARN_DIRECT_OBJC_ISA_USAGE = YES_ERROR;
				CLANG_WARN_DOCUMENTATION_COMMENTS = YES;
				CLANG_WARN_EMPTY_BODY = YES;
				CLANG_WARN_ENUM_CONVERSION = YES;
				CLANG_WARN_INFINITE_RECURSION = YES;
				CLANG_WARN_INT_CONVERSION = YES;
				CLANG_WARN_NON_LITERAL_NULL_CONVERSION = YES;
				CLANG_WARN_OBJC_IMPLICIT_RETAIN_SELF = YES;
				CLANG_WARN_OBJC_LITERAL_CONVERSION = YES;
				CLANG_WARN_OBJC_ROOT_CLASS = YES_ERROR;
				CLANG_WARN_QUOTED_INCLUDE_IN_FRAMEWORK_HEADER = YES;
				CLANG_WARN_RANGE_LOOP_ANALYSIS = YES;
				CLANG_WARN_STRICT_PROTOTYPES = YES;
				CLANG_WARN_SUSPICIOUS_MOVE = YES;
				CLANG_WARN_UNGUARDED_AVAILABILITY = YES_AGGRESSIVE;
				CLANG_WARN_UNREACHABLE_CODE = YES;
				CLANG_WARN__DUPLICATE_METHOD_MATCH = YES;
				COPY_PHASE_STRIP = NO;
				DEBUG_INFORMATION_FORMAT = dwarf;
				ENABLE_STRICT_OBJC_MSGSEND = YES;
				ENABLE_TESTABILITY = YES;
				GCC_C_LANGUAGE_STANDARD = gnu11;
				GCC_DYNAMIC_NO_PIC = NO;
				GCC_NO_COMMON_BLOCKS = YES;
				GCC_OPTIMIZATION_LEVEL = 0;
				GCC_PREPROCESSOR_DEFINITIONS = (
					"DEBUG=1",
					"$(inherited)",
				);
				GCC_WARN_64_TO_32_BIT_CONVERSION = YES;
				GCC_WARN_ABOUT_RETURN_TYPE = YES_ERROR;
				GCC_WARN_UNDECLARED_SELECTOR = YES;
				GCC_WARN_UNINITIALIZED_AUTOS = YES_AGGRESSIVE;
				GCC_WARN_UNUSED_FUNCTION = YES;
				GCC_WARN_UNUSED_VARIABLE = YES;
				IPHONEOS_DEPLOYMENT_TARGET = 15.5;
				MTL_ENABLE_DEBUG_INFO = INCLUDE_SOURCE;
				MTL_FAST_MATH = YES;
				ONLY_ACTIVE_ARCH = YES;
				SDKROOT = iphoneos;
				SWIFT_ACTIVE_COMPILATION_CONDITIONS = DEBUG;
				SWIFT_OPTIMIZATION_LEVEL = "-Onone";
			};
			name = Debug;
		};
		3AB219D0287FE94400945A02 /* Release */ = {
			isa = XCBuildConfiguration;
			buildSettings = {
				ALWAYS_SEARCH_USER_PATHS = NO;
				CLANG_ANALYZER_NONNULL = YES;
				CLANG_ANALYZER_NUMBER_OBJECT_CONVERSION = YES_AGGRESSIVE;
				CLANG_CXX_LANGUAGE_STANDARD = "gnu++17";
				CLANG_ENABLE_MODULES = YES;
				CLANG_ENABLE_OBJC_ARC = YES;
				CLANG_ENABLE_OBJC_WEAK = YES;
				CLANG_WARN_BLOCK_CAPTURE_AUTORELEASING = YES;
				CLANG_WARN_BOOL_CONVERSION = YES;
				CLANG_WARN_COMMA = YES;
				CLANG_WARN_CONSTANT_CONVERSION = YES;
				CLANG_WARN_DEPRECATED_OBJC_IMPLEMENTATIONS = YES;
				CLANG_WARN_DIRECT_OBJC_ISA_USAGE = YES_ERROR;
				CLANG_WARN_DOCUMENTATION_COMMENTS = YES;
				CLANG_WARN_EMPTY_BODY = YES;
				CLANG_WARN_ENUM_CONVERSION = YES;
				CLANG_WARN_INFINITE_RECURSION = YES;
				CLANG_WARN_INT_CONVERSION = YES;
				CLANG_WARN_NON_LITERAL_NULL_CONVERSION = YES;
				CLANG_WARN_OBJC_IMPLICIT_RETAIN_SELF = YES;
				CLANG_WARN_OBJC_LITERAL_CONVERSION = YES;
				CLANG_WARN_OBJC_ROOT_CLASS = YES_ERROR;
				CLANG_WARN_QUOTED_INCLUDE_IN_FRAMEWORK_HEADER = YES;
				CLANG_WARN_RANGE_LOOP_ANALYSIS = YES;
				CLANG_WARN_STRICT_PROTOTYPES = YES;
				CLANG_WARN_SUSPICIOUS_MOVE = YES;
				CLANG_WARN_UNGUARDED_AVAILABILITY = YES_AGGRESSIVE;
				CLANG_WARN_UNREACHABLE_CODE = YES;
				CLANG_WARN__DUPLICATE_METHOD_MATCH = YES;
				COPY_PHASE_STRIP = NO;
				DEBUG_INFORMATION_FORMAT = "dwarf-with-dsym";
				ENABLE_NS_ASSERTIONS = NO;
				ENABLE_STRICT_OBJC_MSGSEND = YES;
				GCC_C_LANGUAGE_STANDARD = gnu11;
				GCC_NO_COMMON_BLOCKS = YES;
				GCC_WARN_64_TO_32_BIT_CONVERSION = YES;
				GCC_WARN_ABOUT_RETURN_TYPE = YES_ERROR;
				GCC_WARN_UNDECLARED_SELECTOR = YES;
				GCC_WARN_UNINITIALIZED_AUTOS = YES_AGGRESSIVE;
				GCC_WARN_UNUSED_FUNCTION = YES;
				GCC_WARN_UNUSED_VARIABLE = YES;
				IPHONEOS_DEPLOYMENT_TARGET = 15.5;
				MTL_ENABLE_DEBUG_INFO = NO;
				MTL_FAST_MATH = YES;
				SDKROOT = iphoneos;
				SWIFT_COMPILATION_MODE = wholemodule;
				SWIFT_OPTIMIZATION_LEVEL = "-O";
				VALIDATE_PRODUCT = YES;
			};
			name = Release;
		};
		3AB219D2287FE94400945A02 /* Debug */ = {
			isa = XCBuildConfiguration;
			buildSettings = {
				ASSETCATALOG_COMPILER_APPICON_NAME = AppIcon;
				ASSETCATALOG_COMPILER_GLOBAL_ACCENT_COLOR_NAME = AccentColor;
				CODE_SIGN_IDENTITY = "iPhone Developer";
				CODE_SIGN_STYLE = Manual;
				CURRENT_PROJECT_VERSION = 1;
				DEVELOPMENT_TEAM = SXSNK823Y9;
				GENERATE_INFOPLIST_FILE = YES;
				INFOPLIST_FILE = Pikipick/Info.plist;
				INFOPLIST_KEY_UIApplicationSupportsIndirectInputEvents = YES;
				INFOPLIST_KEY_UILaunchStoryboardName = LaunchScreen;
				INFOPLIST_KEY_UIMainStoryboardFile = Main;
				INFOPLIST_KEY_UISupportedInterfaceOrientations_iPad = "UIInterfaceOrientationPortrait UIInterfaceOrientationPortraitUpsideDown UIInterfaceOrientationLandscapeLeft UIInterfaceOrientationLandscapeRight";
				INFOPLIST_KEY_UISupportedInterfaceOrientations_iPhone = "UIInterfaceOrientationPortrait UIInterfaceOrientationLandscapeLeft UIInterfaceOrientationLandscapeRight";
				LD_RUNPATH_SEARCH_PATHS = (
					"$(inherited)",
					"@executable_path/Frameworks",
				);
				MARKETING_VERSION = 1.0;
				PRODUCT_BUNDLE_IDENTIFIER = com.jhHwang.Pikipick;
				PRODUCT_NAME = "$(TARGET_NAME)";
				PROVISIONING_PROFILE_SPECIFIER = Pikipick;
				SWIFT_EMIT_LOC_STRINGS = YES;
				SWIFT_VERSION = 5.0;
				TARGETED_DEVICE_FAMILY = "1,2";
			};
			name = Debug;
		};
		3AB219D3287FE94400945A02 /* Release */ = {
			isa = XCBuildConfiguration;
			buildSettings = {
				ASSETCATALOG_COMPILER_APPICON_NAME = AppIcon;
				ASSETCATALOG_COMPILER_GLOBAL_ACCENT_COLOR_NAME = AccentColor;
				CODE_SIGN_IDENTITY = "iPhone Developer";
				CODE_SIGN_STYLE = Manual;
				CURRENT_PROJECT_VERSION = 1;
				DEVELOPMENT_TEAM = SXSNK823Y9;
				GENERATE_INFOPLIST_FILE = YES;
				INFOPLIST_FILE = Pikipick/Info.plist;
				INFOPLIST_KEY_UIApplicationSupportsIndirectInputEvents = YES;
				INFOPLIST_KEY_UILaunchStoryboardName = LaunchScreen;
				INFOPLIST_KEY_UIMainStoryboardFile = Main;
				INFOPLIST_KEY_UISupportedInterfaceOrientations_iPad = "UIInterfaceOrientationPortrait UIInterfaceOrientationPortraitUpsideDown UIInterfaceOrientationLandscapeLeft UIInterfaceOrientationLandscapeRight";
				INFOPLIST_KEY_UISupportedInterfaceOrientations_iPhone = "UIInterfaceOrientationPortrait UIInterfaceOrientationLandscapeLeft UIInterfaceOrientationLandscapeRight";
				LD_RUNPATH_SEARCH_PATHS = (
					"$(inherited)",
					"@executable_path/Frameworks",
				);
				MARKETING_VERSION = 1.0;
				PRODUCT_BUNDLE_IDENTIFIER = com.jhHwang.Pikipick;
				PRODUCT_NAME = "$(TARGET_NAME)";
				PROVISIONING_PROFILE_SPECIFIER = Pikipick;
				SWIFT_EMIT_LOC_STRINGS = YES;
				SWIFT_VERSION = 5.0;
				TARGETED_DEVICE_FAMILY = "1,2";
			};
			name = Release;
		};
/* End XCBuildConfiguration section */

/* Begin XCConfigurationList section */
		3AB219B5287FE94300945A02 /* Build configuration list for PBXProject "Pikipick" */ = {
			isa = XCConfigurationList;
			buildConfigurations = (
				3AB219CF287FE94400945A02 /* Debug */,
				3AB219D0287FE94400945A02 /* Release */,
			);
			defaultConfigurationIsVisible = 0;
			defaultConfigurationName = Release;
		};
		3AB219D1287FE94400945A02 /* Build configuration list for PBXNativeTarget "Pikipick" */ = {
			isa = XCConfigurationList;
			buildConfigurations = (
				3AB219D2287FE94400945A02 /* Debug */,
				3AB219D3287FE94400945A02 /* Release */,
			);
			defaultConfigurationIsVisible = 0;
			defaultConfigurationName = Release;
		};
/* End XCConfigurationList section */

/* Begin XCVersionGroup section */
		3AB219C6287FE94300945A02 /* Pikipick.xcdatamodeld */ = {
			isa = XCVersionGroup;
			children = (
				3AB219C7287FE94300945A02 /* Pikipick.xcdatamodel */,
			);
			currentVersion = 3AB219C7287FE94300945A02 /* Pikipick.xcdatamodel */;
			path = Pikipick.xcdatamodeld;
			sourceTree = "<group>";
			versionGroupType = wrapper.xcdatamodel;
		};
/* End XCVersionGroup section */
	};
	rootObject = 3AB219B2287FE94300945A02 /* Project object */;
}
